// !$*UTF8*$!
{
	archiveVersion = 1;
	classes = {
	};
	objectVersion = 55;
	objects = {

/* Begin PBXBuildFile section */
		E5DB5B4F288B8D2200295CE0 /* AVFoundation.framework in Frameworks */ = {isa = PBXBuildFile; fileRef = E5DB5B4E288B8D2200295CE0 /* AVFoundation.framework */; };
		E5DB5B51288B8D2800295CE0 /* CoreGraphics.framework in Frameworks */ = {isa = PBXBuildFile; fileRef = E5DB5B50288B8D2800295CE0 /* CoreGraphics.framework */; };
		E5DB5B65288BE27D00295CE0 /* RenderAPI_Metal.mm in Sources */ = {isa = PBXBuildFile; fileRef = E5DB5B5D288BE27D00295CE0 /* RenderAPI_Metal.mm */; };
		E5DB5B69288BE27D00295CE0 /* RenderAPI.cpp in Sources */ = {isa = PBXBuildFile; fileRef = E5DB5B62288BE27D00295CE0 /* RenderAPI.cpp */; };
		E5DB5B6D288BF7EB00295CE0 /* PluginMain.mm in Sources */ = {isa = PBXBuildFile; fileRef = E5DB5B6C288BF7EB00295CE0 /* PluginMain.mm */; };
		E5DB5B6F288BF80D00295CE0 /* WebcamController.m in Sources */ = {isa = PBXBuildFile; fileRef = E5DB5B6E288BF80D00295CE0 /* WebcamController.m */; };
/* End PBXBuildFile section */

/* Begin PBXFileReference section */
		E5DB5B3E288B83EC00295CE0 /* UnityMacWebcamPlugin.bundle */ = {isa = PBXFileReference; explicitFileType = wrapper.cfbundle; includeInIndex = 0; path = UnityMacWebcamPlugin.bundle; sourceTree = BUILT_PRODUCTS_DIR; };
		E5DB5B48288B891D00295CE0 /* WebcamController.h */ = {isa = PBXFileReference; lastKnownFileType = sourcecode.c.h; path = WebcamController.h; sourceTree = "<group>"; };
		E5DB5B4E288B8D2200295CE0 /* AVFoundation.framework */ = {isa = PBXFileReference; lastKnownFileType = wrapper.framework; name = AVFoundation.framework; path = System/Library/Frameworks/AVFoundation.framework; sourceTree = SDKROOT; };
		E5DB5B50288B8D2800295CE0 /* CoreGraphics.framework */ = {isa = PBXFileReference; lastKnownFileType = wrapper.framework; name = CoreGraphics.framework; path = System/Library/Frameworks/CoreGraphics.framework; sourceTree = SDKROOT; };
		E5DB5B52288B8D9500295CE0 /* Property.entitlements */ = {isa = PBXFileReference; fileEncoding = 4; lastKnownFileType = text.plist.entitlements; path = Property.entitlements; sourceTree = "<group>"; };
		E5DB5B53288BE19B00295CE0 /* IUnityInterface.h */ = {isa = PBXFileReference; fileEncoding = 4; lastKnownFileType = sourcecode.c.h; name = IUnityInterface.h; path = Unity/IUnityInterface.h; sourceTree = "<group>"; };
		E5DB5B54288BE19B00295CE0 /* IUnityGraphicsMetal.h */ = {isa = PBXFileReference; fileEncoding = 4; lastKnownFileType = sourcecode.c.h; name = IUnityGraphicsMetal.h; path = Unity/IUnityGraphicsMetal.h; sourceTree = "<group>"; };
		E5DB5B58288BE19B00295CE0 /* IUnityGraphics.h */ = {isa = PBXFileReference; fileEncoding = 4; lastKnownFileType = sourcecode.c.h; name = IUnityGraphics.h; path = Unity/IUnityGraphics.h; sourceTree = "<group>"; };
		E5DB5B5B288BE27D00295CE0 /* RenderAPI.h */ = {isa = PBXFileReference; fileEncoding = 4; lastKnownFileType = sourcecode.c.h; path = RenderAPI.h; sourceTree = "<group>"; };
		E5DB5B5D288BE27D00295CE0 /* RenderAPI_Metal.mm */ = {isa = PBXFileReference; fileEncoding = 4; lastKnownFileType = sourcecode.cpp.objcpp; path = RenderAPI_Metal.mm; sourceTree = "<group>"; };
		E5DB5B60288BE27D00295CE0 /* PlatformBase.h */ = {isa = PBXFileReference; fileEncoding = 4; lastKnownFileType = sourcecode.c.h; path = PlatformBase.h; sourceTree = "<group>"; };
		E5DB5B62288BE27D00295CE0 /* RenderAPI.cpp */ = {isa = PBXFileReference; fileEncoding = 4; lastKnownFileType = sourcecode.cpp.cpp; path = RenderAPI.cpp; sourceTree = "<group>"; };
		E5DB5B6C288BF7EB00295CE0 /* PluginMain.mm */ = {isa = PBXFileReference; fileEncoding = 4; lastKnownFileType = sourcecode.cpp.objcpp; path = PluginMain.mm; sourceTree = "<group>"; };
		E5DB5B6E288BF80D00295CE0 /* WebcamController.m */ = {isa = PBXFileReference; fileEncoding = 4; lastKnownFileType = sourcecode.c.objc; path = WebcamController.m; sourceTree = "<group>"; };
/* End PBXFileReference section */

/* Begin PBXFrameworksBuildPhase section */
		E5DB5B3B288B83EC00295CE0 /* Frameworks */ = {
			isa = PBXFrameworksBuildPhase;
			buildActionMask = 2147483647;
			files = (
				E5DB5B51288B8D2800295CE0 /* CoreGraphics.framework in Frameworks */,
				E5DB5B4F288B8D2200295CE0 /* AVFoundation.framework in Frameworks */,
			);
			runOnlyForDeploymentPostprocessing = 0;
		};
/* End PBXFrameworksBuildPhase section */

/* Begin PBXGroup section */
		E5DB5B35288B83EC00295CE0 = {
			isa = PBXGroup;
			children = (
				E5DB5B6C288BF7EB00295CE0 /* PluginMain.mm */,
				E5DB5B60288BE27D00295CE0 /* PlatformBase.h */,
				E5DB5B5D288BE27D00295CE0 /* RenderAPI_Metal.mm */,
				E5DB5B62288BE27D00295CE0 /* RenderAPI.cpp */,
				E5DB5B5B288BE27D00295CE0 /* RenderAPI.h */,
				E5DB5B58288BE19B00295CE0 /* IUnityGraphics.h */,
				E5DB5B54288BE19B00295CE0 /* IUnityGraphicsMetal.h */,
				E5DB5B53288BE19B00295CE0 /* IUnityInterface.h */,
				E5DB5B52288B8D9500295CE0 /* Property.entitlements */,
				E5DB5B48288B891D00295CE0 /* WebcamController.h */,
				E5DB5B6E288BF80D00295CE0 /* WebcamController.m */,
				E5DB5B3F288B83EC00295CE0 /* Products */,
				E5DB5B4D288B8D2200295CE0 /* Frameworks */,
			);
			sourceTree = "<group>";
		};
		E5DB5B3F288B83EC00295CE0 /* Products */ = {
			isa = PBXGroup;
			children = (
				E5DB5B3E288B83EC00295CE0 /* UnityMacWebcamPlugin.bundle */,
			);
			name = Products;
			sourceTree = "<group>";
		};
		E5DB5B4D288B8D2200295CE0 /* Frameworks */ = {
			isa = PBXGroup;
			children = (
				E5DB5B50288B8D2800295CE0 /* CoreGraphics.framework */,
				E5DB5B4E288B8D2200295CE0 /* AVFoundation.framework */,
			);
			name = Frameworks;
			sourceTree = "<group>";
		};
/* End PBXGroup section */

/* Begin PBXNativeTarget section */
		E5DB5B3D288B83EC00295CE0 /* UnityMacWebcamPlugin */ = {
			isa = PBXNativeTarget;
			buildConfigurationList = E5DB5B42288B83EC00295CE0 /* Build configuration list for PBXNativeTarget "UnityMacWebcamPlugin" */;
			buildPhases = (
				E5DB5B3A288B83EC00295CE0 /* Sources */,
				E5DB5B3B288B83EC00295CE0 /* Frameworks */,
				E5DB5B3C288B83EC00295CE0 /* Resources */,
			);
			buildRules = (
			);
			dependencies = (
			);
			name = UnityMacWebcamPlugin;
			productName = UnityMacWebcamPlugin;
			productReference = E5DB5B3E288B83EC00295CE0 /* UnityMacWebcamPlugin.bundle */;
			productType = "com.apple.product-type.bundle";
		};
/* End PBXNativeTarget section */

/* Begin PBXProject section */
		E5DB5B36288B83EC00295CE0 /* Project object */ = {
			isa = PBXProject;
			attributes = {
				BuildIndependentTargetsInParallel = 1;
				LastUpgradeCheck = 1340;
				TargetAttributes = {
					E5DB5B3D288B83EC00295CE0 = {
						CreatedOnToolsVersion = 13.4.1;
					};
				};
			};
			buildConfigurationList = E5DB5B39288B83EC00295CE0 /* Build configuration list for PBXProject "UnityMacWebcamPlugin" */;
			compatibilityVersion = "Xcode 13.0";
			developmentRegion = en;
			hasScannedForEncodings = 0;
			knownRegions = (
				en,
				Base,
			);
			mainGroup = E5DB5B35288B83EC00295CE0;
			productRefGroup = E5DB5B3F288B83EC00295CE0 /* Products */;
			projectDirPath = "";
			projectRoot = "";
			targets = (
				E5DB5B3D288B83EC00295CE0 /* UnityMacWebcamPlugin */,
			);
		};
/* End PBXProject section */

/* Begin PBXResourcesBuildPhase section */
		E5DB5B3C288B83EC00295CE0 /* Resources */ = {
			isa = PBXResourcesBuildPhase;
			buildActionMask = 2147483647;
			files = (
			);
			runOnlyForDeploymentPostprocessing = 0;
		};
/* End PBXResourcesBuildPhase section */

/* Begin PBXSourcesBuildPhase section */
		E5DB5B3A288B83EC00295CE0 /* Sources */ = {
			isa = PBXSourcesBuildPhase;
			buildActionMask = 2147483647;
			files = (
				E5DB5B69288BE27D00295CE0 /* RenderAPI.cpp in Sources */,
				E5DB5B65288BE27D00295CE0 /* RenderAPI_Metal.mm in Sources */,
				E5DB5B6F288BF80D00295CE0 /* WebcamController.m in Sources */,
				E5DB5B6D288BF7EB00295CE0 /* PluginMain.mm in Sources */,
			);
			runOnlyForDeploymentPostprocessing = 0;
		};
/* End PBXSourcesBuildPhase section */

/* Begin XCBuildConfiguration section */
		E5DB5B40288B83EC00295CE0 /* Debug */ = {
			isa = XCBuildConfiguration;
			buildSettings = {
				ALWAYS_SEARCH_USER_PATHS = NO;
				CLANG_ANALYZER_NONNULL = YES;
				CLANG_ANALYZER_NUMBER_OBJECT_CONVERSION = YES_AGGRESSIVE;
				CLANG_CXX_LANGUAGE_STANDARD = "gnu++17";
				CLANG_ENABLE_MODULES = YES;
				CLANG_ENABLE_OBJC_ARC = YES;
				CLANG_ENABLE_OBJC_WEAK = YES;
				CLANG_WARN_BLOCK_CAPTURE_AUTORELEASING = YES;
				CLANG_WARN_BOOL_CONVERSION = YES;
				CLANG_WARN_COMMA = YES;
				CLANG_WARN_CONSTANT_CONVERSION = YES;
				CLANG_WARN_DEPRECATED_OBJC_IMPLEMENTATIONS = YES;
				CLANG_WARN_DIRECT_OBJC_ISA_USAGE = YES_ERROR;
				CLANG_WARN_DOCUMENTATION_COMMENTS = YES;
				CLANG_WARN_EMPTY_BODY = YES;
				CLANG_WARN_ENUM_CONVERSION = YES;
				CLANG_WARN_INFINITE_RECURSION = YES;
				CLANG_WARN_INT_CONVERSION = YES;
				CLANG_WARN_NON_LITERAL_NULL_CONVERSION = YES;
				CLANG_WARN_OBJC_IMPLICIT_RETAIN_SELF = YES;
				CLANG_WARN_OBJC_LITERAL_CONVERSION = YES;
				CLANG_WARN_OBJC_ROOT_CLASS = YES_ERROR;
				CLANG_WARN_QUOTED_INCLUDE_IN_FRAMEWORK_HEADER = YES;
				CLANG_WARN_RANGE_LOOP_ANALYSIS = YES;
				CLANG_WARN_STRICT_PROTOTYPES = YES;
				CLANG_WARN_SUSPICIOUS_MOVE = YES;
				CLANG_WARN_UNGUARDED_AVAILABILITY = YES_AGGRESSIVE;
				CLANG_WARN_UNREACHABLE_CODE = YES;
				CLANG_WARN__DUPLICATE_METHOD_MATCH = YES;
				COPY_PHASE_STRIP = NO;
				DEBUG_INFORMATION_FORMAT = dwarf;
				ENABLE_STRICT_OBJC_MSGSEND = YES;
				ENABLE_TESTABILITY = YES;
				GCC_C_LANGUAGE_STANDARD = gnu11;
				GCC_DYNAMIC_NO_PIC = NO;
				GCC_NO_COMMON_BLOCKS = YES;
				GCC_OPTIMIZATION_LEVEL = 0;
				GCC_PREPROCESSOR_DEFINITIONS = (
					"DEBUG=1",
					"$(inherited)",
				);
				GCC_WARN_64_TO_32_BIT_CONVERSION = YES;
				GCC_WARN_ABOUT_RETURN_TYPE = YES_ERROR;
				GCC_WARN_UNDECLARED_SELECTOR = YES;
				GCC_WARN_UNINITIALIZED_AUTOS = YES_AGGRESSIVE;
				GCC_WARN_UNUSED_FUNCTION = YES;
				GCC_WARN_UNUSED_VARIABLE = YES;
				MACOSX_DEPLOYMENT_TARGET = 12.3;
				MTL_ENABLE_DEBUG_INFO = INCLUDE_SOURCE;
				MTL_FAST_MATH = YES;
				ONLY_ACTIVE_ARCH = NO;
				SDKROOT = macosx;
			};
			name = Debug;
		};
		E5DB5B41288B83EC00295CE0 /* Release */ = {
			isa = XCBuildConfiguration;
			buildSettings = {
				ALWAYS_SEARCH_USER_PATHS = NO;
				CLANG_ANALYZER_NONNULL = YES;
				CLANG_ANALYZER_NUMBER_OBJECT_CONVERSION = YES_AGGRESSIVE;
				CLANG_CXX_LANGUAGE_STANDARD = "gnu++17";
				CLANG_ENABLE_MODULES = YES;
				CLANG_ENABLE_OBJC_ARC = YES;
				CLANG_ENABLE_OBJC_WEAK = YES;
				CLANG_WARN_BLOCK_CAPTURE_AUTORELEASING = YES;
				CLANG_WARN_BOOL_CONVERSION = YES;
				CLANG_WARN_COMMA = YES;
				CLANG_WARN_CONSTANT_CONVERSION = YES;
				CLANG_WARN_DEPRECATED_OBJC_IMPLEMENTATIONS = YES;
				CLANG_WARN_DIRECT_OBJC_ISA_USAGE = YES_ERROR;
				CLANG_WARN_DOCUMENTATION_COMMENTS = YES;
				CLANG_WARN_EMPTY_BODY = YES;
				CLANG_WARN_ENUM_CONVERSION = YES;
				CLANG_WARN_INFINITE_RECURSION = YES;
				CLANG_WARN_INT_CONVERSION = YES;
				CLANG_WARN_NON_LITERAL_NULL_CONVERSION = YES;
				CLANG_WARN_OBJC_IMPLICIT_RETAIN_SELF = YES;
				CLANG_WARN_OBJC_LITERAL_CONVERSION = YES;
				CLANG_WARN_OBJC_ROOT_CLASS = YES_ERROR;
				CLANG_WARN_QUOTED_INCLUDE_IN_FRAMEWORK_HEADER = YES;
				CLANG_WARN_RANGE_LOOP_ANALYSIS = YES;
				CLANG_WARN_STRICT_PROTOTYPES = YES;
				CLANG_WARN_SUSPICIOUS_MOVE = YES;
				CLANG_WARN_UNGUARDED_AVAILABILITY = YES_AGGRESSIVE;
				CLANG_WARN_UNREACHABLE_CODE = YES;
				CLANG_WARN__DUPLICATE_METHOD_MATCH = YES;
				COPY_PHASE_STRIP = NO;
				DEBUG_INFORMATION_FORMAT = "dwarf-with-dsym";
				ENABLE_NS_ASSERTIONS = NO;
				ENABLE_STRICT_OBJC_MSGSEND = YES;
				GCC_C_LANGUAGE_STANDARD = gnu11;
				GCC_NO_COMMON_BLOCKS = YES;
				GCC_WARN_64_TO_32_BIT_CONVERSION = YES;
				GCC_WARN_ABOUT_RETURN_TYPE = YES_ERROR;
				GCC_WARN_UNDECLARED_SELECTOR = YES;
				GCC_WARN_UNINITIALIZED_AUTOS = YES_AGGRESSIVE;
				GCC_WARN_UNUSED_FUNCTION = YES;
				GCC_WARN_UNUSED_VARIABLE = YES;
				MACOSX_DEPLOYMENT_TARGET = 12.3;
				MTL_ENABLE_DEBUG_INFO = NO;
				MTL_FAST_MATH = YES;
				SDKROOT = macosx;
			};
			name = Release;
		};
		E5DB5B43288B83EC00295CE0 /* Debug */ = {
			isa = XCBuildConfiguration;
			buildSettings = {
				"CODE_SIGN_ENTITLEMENTS[sdk=*]" = Property.entitlements;
				CODE_SIGN_IDENTITY = "Apple Development";
				"CODE_SIGN_IDENTITY[sdk=macosx*]" = "Developer ID Application";
				CODE_SIGN_STYLE = Manual;
				COMBINE_HIDPI_IMAGES = YES;
				CURRENT_PROJECT_VERSION = 1;
				DEVELOPMENT_TEAM = "";
				"DEVELOPMENT_TEAM[sdk=macosx*]" = 77N96Z5V38;
				GENERATE_INFOPLIST_FILE = YES;
				INFOPLIST_KEY_NSCameraUsageDescription = "MYTY Camera Plugin";
				INFOPLIST_KEY_NSHumanReadableCopyright = "";
				INFOPLIST_KEY_NSPrincipalClass = "";
				INSTALL_PATH = "$(LOCAL_LIBRARY_DIR)/Bundles";
				MACOSX_DEPLOYMENT_TARGET = 11.0;
				MARKETING_VERSION = 1.0;
				PRODUCT_BUNDLE_IDENTIFIER = com.offlive.UnityMacWebcamPlugin;
				PRODUCT_NAME = "$(TARGET_NAME)";
				PROVISIONING_PROFILE_SPECIFIER = "";
				SKIP_INSTALL = YES;
				SWIFT_EMIT_LOC_STRINGS = YES;
				WRAPPER_EXTENSION = bundle;
			};
			name = Debug;
		};
		E5DB5B44288B83EC00295CE0 /* Release */ = {
			isa = XCBuildConfiguration;
			buildSettings = {
				"CODE_SIGN_ENTITLEMENTS[sdk=*]" = Property.entitlements;
				CODE_SIGN_IDENTITY = "Apple Development";
				"CODE_SIGN_IDENTITY[sdk=macosx*]" = "Developer ID Application";
				CODE_SIGN_STYLE = Manual;
				COMBINE_HIDPI_IMAGES = YES;
				CURRENT_PROJECT_VERSION = 1;
				DEVELOPMENT_TEAM = "";
				"DEVELOPMENT_TEAM[sdk=macosx*]" = 77N96Z5V38;
				GENERATE_INFOPLIST_FILE = YES;
				INFOPLIST_KEY_NSCameraUsageDescription = "MYTY Camera Plugin";
				INFOPLIST_KEY_NSHumanReadableCopyright = "";
				INFOPLIST_KEY_NSPrincipalClass = "";
				INSTALL_PATH = "$(LOCAL_LIBRARY_DIR)/Bundles";
				MACOSX_DEPLOYMENT_TARGET = 11.0;
				MARKETING_VERSION = 1.0;
				PRODUCT_BUNDLE_IDENTIFIER = com.offlive.UnityMacWebcamPlugin;
				PRODUCT_NAME = "$(TARGET_NAME)";
				PROVISIONING_PROFILE_SPECIFIER = "";
				SKIP_INSTALL = YES;
				SWIFT_EMIT_LOC_STRINGS = YES;
				WRAPPER_EXTENSION = bundle;
			};
			name = Release;
		};
/* End XCBuildConfiguration section */

/* Begin XCConfigurationList section */
		E5DB5B39288B83EC00295CE0 /* Build configuration list for PBXProject "UnityMacWebcamPlugin" */ = {
			isa = XCConfigurationList;
			buildConfigurations = (
				E5DB5B40288B83EC00295CE0 /* Debug */,
				E5DB5B41288B83EC00295CE0 /* Release */,
			);
			defaultConfigurationIsVisible = 0;
			defaultConfigurationName = Release;
		};
		E5DB5B42288B83EC00295CE0 /* Build configuration list for PBXNativeTarget "UnityMacWebcamPlugin" */ = {
			isa = XCConfigurationList;
			buildConfigurations = (
				E5DB5B43288B83EC00295CE0 /* Debug */,
				E5DB5B44288B83EC00295CE0 /* Release */,
			);
			defaultConfigurationIsVisible = 0;
			defaultConfigurationName = Release;
		};
/* End XCConfigurationList section */
	};
	rootObject = E5DB5B36288B83EC00295CE0 /* Project object */;
}
